
Microsoft Visual Studio Solution File, Format Version 12.00
# Visual Studio Version 17
VisualStudioVersion = 17.4.33205.214
MinimumVisualStudioVersion = 10.0.40219.1
Project("{FAE04EC0-301F-11D3-BF4B-00C04F79EFBC}") = "sigue practicando babosa", "sigue practicando babosa\sigue practicando babosa.csproj", "{E5101F75-8334-4FB5-9A43-0523F3109DE2}"
EndProject
Global
	GlobalSection(SolutionConfigurationPlatforms) = preSolution
		Debug|Any CPU = Debug|Any CPU
		Release|Any CPU = Release|Any CPU
	EndGlobalSection
	GlobalSection(ProjectConfigurationPlatforms) = postSolution
		{E5101F75-8334-4FB5-9A43-0523F3109DE2}.Debug|Any CPU.ActiveCfg = Debug|Any CPU
		{E5101F75-8334-4FB5-9A43-0523F3109DE2}.Debug|Any CPU.Build.0 = Debug|Any CPU
		{E5101F75-8334-4FB5-9A43-0523F3109DE2}.Release|Any CPU.ActiveCfg = Release|Any CPU
		{E5101F75-8334-4FB5-9A43-0523F3109DE2}.Release|Any CPU.Build.0 = Release|Any CPU
	EndGlobalSection
	GlobalSection(SolutionProperties) = preSolution
		HideSolutionNode = FALSE
	EndGlobalSection
	GlobalSection(ExtensibilityGlobals) = postSolution
		SolutionGuid = {725658CA-788C-4A51-B00B-0301A08A3A4F}
	EndGlobalSection
EndGlobal
